{
  "name": "llm-speed-bench",
  "version": "0.1.0",
  "lockfileVersion": 3,
  "requires": true,
  "packages": {
    "": {
      "name": "llm-speed-bench",
      "version": "0.1.0",
      "dependencies": {
        "@heroui-pro/react": "^1.0.0-beta.8",
        "@heroui/react": "^3.2.4",
        "react": "^19.2.4",
        "react-dom": "^19.2.4"
      },
      "devDependencies": {
        "@tailwindcss/vite": "^4.2.2",
        "@types/react": "^19.2.14",
        "@types/react-dom": "^19.2.3",
        "@vitejs/plugin-react": "^5.1.4",
        "tailwindcss": "^4.2.2",
        "typescript": "~5.9.3",
        "vite": "^7.3.1"
      }
    }
  }
}
